
Microsoft Visual Studio Solution File, Format Version 12.00
# Visual Studio 15
VisualStudioVersion = 15.0.28010.2046
MinimumVisualStudioVersion = 10.0.40219.1
Project("{8BC9CEB8-8B4A-11D0-8D11-00A0C91BC942}") = "WHOIS-UDP-SERVER", "WHOIS-UDP-SERVER\WHOIS-UDP-SERVER.vcxproj", "{BCE22A83-39F0-46C9-8816-519F71684025}"
EndProject
Global
	GlobalSection(SolutionConfigurationPlatforms) = preSolution
		Debug|x64 = Debug|x64
		Debug|x86 = Debug|x86
		Release|x64 = Release|x64
		Release|x86 = Release|x86
	EndGlobalSection
	GlobalSection(ProjectConfigurationPlatforms) = postSolution
		{BCE22A83-39F0-46C9-8816-519F71684025}.Debug|x64.ActiveCfg = Debug|x64
		{BCE22A83-39F0-46C9-8816-519F71684025}.Debug|x64.Build.0 = Debug|x64
		{BCE22A83-39F0-46C9-8816-519F71684025}.Debug|x86.ActiveCfg = Debug|Win32
		{BCE22A83-39F0-46C9-8816-519F71684025}.Debug|x86.Build.0 = Debug|Win32
		{BCE22A83-39F0-46C9-8816-519F71684025}.Release|x64.ActiveCfg = Release|x64
		{BCE22A83-39F0-46C9-8816-519F71684025}.Release|x64.Build.0 = Release|x64
		{BCE22A83-39F0-46C9-8816-519F71684025}.Release|x86.ActiveCfg = Release|Win32
		{BCE22A83-39F0-46C9-8816-519F71684025}.Release|x86.Build.0 = Release|Win32
	EndGlobalSection
	GlobalSection(SolutionProperties) = preSolution
		HideSolutionNode = FALSE
	EndGlobalSection
	GlobalSection(ExtensibilityGlobals) = postSolution
		SolutionGuid = {CBCB1C49-1561-4F6E-9C44-E0AA3684839B}
	EndGlobalSection
EndGlobal
